
Microsoft Visual Studio Solution File, Format Version 12.00
# Visual Studio 15
VisualStudioVersion = 15.0.27428.1
MinimumVisualStudioVersion = 10.0.40219.1
Project("{D2ABAB84-BF74-430A-B69E-9DC6D40DDA17}") = "lab3_olap", "lab3_olap\lab3_olap.dwproj", "{B3DFA3B5-82E6-41E6-A908-9F4C723E5171}"
EndProject
Global
	GlobalSection(SolutionConfigurationPlatforms) = preSolution
		Development|Default = Development|Default
	EndGlobalSection
	GlobalSection(ProjectConfigurationPlatforms) = postSolution
		{B3DFA3B5-82E6-41E6-A908-9F4C723E5171}.Development|Default.ActiveCfg = Development
		{B3DFA3B5-82E6-41E6-A908-9F4C723E5171}.Development|Default.Build.0 = Development
		{B3DFA3B5-82E6-41E6-A908-9F4C723E5171}.Development|Default.Deploy.0 = Development
	EndGlobalSection
	GlobalSection(SolutionProperties) = preSolution
		HideSolutionNode = FALSE
	EndGlobalSection
	GlobalSection(ExtensibilityGlobals) = postSolution
		SolutionGuid = {48875859-B6BF-4A76-AA7C-2F7667082DA9}
	EndGlobalSection
EndGlobal
