
Microsoft Visual Studio Solution File, Format Version 12.00
# Visual Studio 15
VisualStudioVersion = 15.0.27428.1
MinimumVisualStudioVersion = 10.0.40219.1
Project("{159641D6-6404-4A2A-AE62-294DE0FE8301}") = "lab1", "lab1\lab1.dtproj", "{AED285AF-9C22-4982-952E-5033189CC00B}"
EndProject
Global
	GlobalSection(SolutionConfigurationPlatforms) = preSolution
		Development|Default = Development|Default
	EndGlobalSection
	GlobalSection(ProjectConfigurationPlatforms) = postSolution
		{AED285AF-9C22-4982-952E-5033189CC00B}.Development|Default.ActiveCfg = Development
		{AED285AF-9C22-4982-952E-5033189CC00B}.Development|Default.Build.0 = Development
	EndGlobalSection
	GlobalSection(SolutionProperties) = preSolution
		HideSolutionNode = FALSE
	EndGlobalSection
	GlobalSection(ExtensibilityGlobals) = postSolution
		SolutionGuid = {38B2A2F7-442A-434C-A7C1-DA3D12F8FB14}
	EndGlobalSection
EndGlobal
