
Microsoft Visual Studio Solution File, Format Version 12.00
# Visual Studio 15
VisualStudioVersion = 15.0.27428.1
MinimumVisualStudioVersion = 10.0.40219.1
Project("{159641D6-6404-4A2A-AE62-294DE0FE8301}") = "lab2", "lab2\lab2.dtproj", "{8E0EF9EA-2267-46EB-9D89-5C3010412BFD}"
EndProject
Global
	GlobalSection(SolutionConfigurationPlatforms) = preSolution
		Development|Default = Development|Default
	EndGlobalSection
	GlobalSection(ProjectConfigurationPlatforms) = postSolution
		{8E0EF9EA-2267-46EB-9D89-5C3010412BFD}.Development|Default.ActiveCfg = Development
		{8E0EF9EA-2267-46EB-9D89-5C3010412BFD}.Development|Default.Build.0 = Development
	EndGlobalSection
	GlobalSection(SolutionProperties) = preSolution
		HideSolutionNode = FALSE
	EndGlobalSection
	GlobalSection(ExtensibilityGlobals) = postSolution
		SolutionGuid = {39D9F3D5-6328-47BE-81F1-2B32F18CAF63}
	EndGlobalSection
EndGlobal
